Microsoft Visual Studio Solution File, Format Version 12.00
# Visual Studio 15
VisualStudioVersion = 15.0.26124.0
MinimumVisualStudioVersion = 15.0.26124.0
Project("{2150E333-8FDC-42A3-9474-1A3956D46DE8}") = "src", "src", "{DD55BCD1-C3C3-4192-B4D4-2E6A19902525}"
EndProject
Project("{FAE04EC0-301F-11D3-BF4B-00C04F79EFBC}") = "CryptoHelper", "src\CryptoHelper\CryptoHelper.csproj", "{B636EF42-1BAB-4033-89BC-0DD9A695319E}"
EndProject
Global
    GlobalSection(SolutionConfigurationPlatforms) = preSolution
        Debug|Any CPU = Debug|Any CPU
        Debug|x64 = Debug|x64
        Debug|x86 = Debug|x86
        Release|Any CPU = Release|Any CPU
        Release|x64 = Release|x64
        Release|x86 = Release|x86
    EndGlobalSection
    GlobalSection(SolutionProperties) = preSolution
        HideSolutionNode = FALSE
    EndGlobalSection
    GlobalSection(ProjectConfigurationPlatforms) = postSolution
        {B636EF42-1BAB-4033-89BC-0DD9A695319E}.Debug|Any CPU.ActiveCfg = Debug|Any CPU
        {B636EF42-1BAB-4033-89BC-0DD9A695319E}.Debug|Any CPU.Build.0 = Debug|Any CPU
        {B636EF42-1BAB-4033-89BC-0DD9A695319E}.Debug|x64.ActiveCfg = Debug|x64
        {B636EF42-1BAB-4033-89BC-0DD9A695319E}.Debug|x64.Build.0 = Debug|x64
        {B636EF42-1BAB-4033-89BC-0DD9A695319E}.Debug|x86.ActiveCfg = Debug|x86
        {B636EF42-1BAB-4033-89BC-0DD9A695319E}.Debug|x86.Build.0 = Debug|x86
        {B636EF42-1BAB-4033-89BC-0DD9A695319E}.Release|Any CPU.ActiveCfg = Release|Any CPU
        {B636EF42-1BAB-4033-89BC-0DD9A695319E}.Release|Any CPU.Build.0 = Release|Any CPU
        {B636EF42-1BAB-4033-89BC-0DD9A695319E}.Release|x64.ActiveCfg = Release|x64
        {B636EF42-1BAB-4033-89BC-0DD9A695319E}.Release|x64.Build.0 = Release|x64
        {B636EF42-1BAB-4033-89BC-0DD9A695319E}.Release|x86.ActiveCfg = Release|x86
        {B636EF42-1BAB-4033-89BC-0DD9A695319E}.Release|x86.Build.0 = Release|x86
    EndGlobalSection
    GlobalSection(NestedProjects) = preSolution
        {B636EF42-1BAB-4033-89BC-0DD9A695319E} = {DD55BCD1-C3C3-4192-B4D4-2E6A19902525}
    EndGlobalSection
EndGlobal
